# This file was autogenerated by Stack.
# You should not edit this file by hand.
# For more information, please see the documentation at:
#   https://docs.haskellstack.org/en/stable/topics/lock_files

packages: []
snapshots:
- completed:
    sha256: 7ec0e288e359b586f3e98bfdc35152922d9b7f2f97346a2e7b4c1b85833e4521
    size: 654479
    url: https://raw.githubusercontent.com/commercialhaskell/stackage-snapshots/master/nightly/2025/2/27.yaml
  original: nightly-2025-02-27
