# This file was autogenerated by Stack.
# You should not edit this file by hand.
# For more information, please see the documentation at:
#   https://docs.haskellstack.org/en/stable/lock_files

packages: []
snapshots:
- completed:
    sha256: b0933eba5b921a0e96a54fa7ea43fd0ca73288edb836d44fea32420419c02a8f
    size: 603055
    url: https://raw.githubusercontent.com/commercialhaskell/stackage-snapshots/master/nightly/2024/12/12.yaml
  original: nightly-2024-12-12
