# This file was autogenerated by Stack.
# You should not edit this file by hand.
# For more information, please see the documentation at:
#   https://docs.haskellstack.org/en/stable/topics/lock_files

packages: []
snapshots:
- completed:
    sha256: 7fc2ae1dbbdf23de049e9b49c02d1e03d5ddb8e759a27e5bedcb61131b7cbdd2
    size: 672917
    url: https://raw.githubusercontent.com/commercialhaskell/stackage-snapshots/master/nightly/2025/8/4.yaml
  original: nightly-2025-08-04
